function_index_entry:
  function_id: op_kernel/fia_block_vec_nonquant_sink.h:587:DealBmm2ResBaseBlock
  function_name: DealBmm2ResBaseBlock
  qualified_name: FiaBlockVecNonQuant<FIAT>::DealBmm2ResBaseBlock
  canonical_name: FiaBlockVecNonQuant<FIAT>::DealBmm2ResBaseBlock
  owner: FiaBlockVecNonQuant
  owner_qualified: FiaBlockVecNonQuant<FIAT>
  owner_template_args:
  - FIAT
  template_params:
  - template<typename FIAT>
  variant: nonquant
  stage: mm2
  file: op_kernel/fia_block_vec_nonquant_sink.h
  line_range:
    start: 587
    end: 626
  rough_role: memory_transfer
  importance_score: 100
  importance_reasons:
  - known_deep_name_pattern
  - attention_stage:mm2
  - memory_tensor_api:LocalTensor
  - compute_sync_api:DataCopy,WaitFlag,SetFlag
  - branch_signal
  extraction_level: deep
  calls:
  - DataCopy
  - EnQue
  - GetTPipePtr
  - FetchEventID
  called_by:
  - ProcessVec2Inner
  - ProcessVec2SingleBuf
