function_annotation:
  function_name: DealBmm1ResBaseBlock
  qualified_name: FiaBlockVecNonQuantMla<FIAT>::DealBmm1ResBaseBlock
  canonical_name: FiaBlockVecNonQuantMla<FIAT>::DealBmm1ResBaseBlock
  owner: FiaBlockVecNonQuantMla
  owner_qualified: FiaBlockVecNonQuantMla<FIAT>
  owner_template_args:
  - FIAT
  template_params:
  - template<typename FIAT>
  variant: mla
  stage: mm1
  file: op_kernel/fia_block_vec_nonquant_mla_sink.h
  line_range:
    start: 614
    end: 654
  role: mla cube compute stage for mm1 with source-visible memory, tiling, and synchronization behavior.
  confidence: medium
  code_behavior:
    summary: mla cube compute stage for mm1 with source-visible memory, tiling, and synchronization behavior.
    key_steps:
    - 'Calls: DataCopy, ElewiseCompute, SoftmaxFlashV2Compute, AmlaVecCompute, Cast.'
    - Uses DataCopy/DataCopyPad for GM/L1/UB movement.
    - Coordinates pipeline state with event or cross-core flags.
    - Touches online softmax state or LSE outputs.
  dataflow:
    inputs:
    - FiaBlockVecNonQuantMla<FIAT>::DealBmm1ResBaseBlock
    - RunInfo/ConstInfo or metadata as visible in signature/body
    outputs:
    - stage outputs in GM/UB/L1 according to function body
    gm:
      reads:
      - GM tensors referenced in function body
      writes:
      - DataCopy/Fixpipe destinations visible in body
    ub:
      reads:
      - LocalTensor/UB operands
      writes:
      - LocalTensor/UB temporaries
    l1:
      reads:
      - L1 tiles or buffers
      writes:
      - L1 copies from GM or prior stage
    l0:
      l0a:
      - unknown
      l0b:
      - unknown
      l0c:
      - unknown
  control_flow:
    loops:
    - unknown
    branches:
    - unknown
  pipeline:
    stages:
    - mm1
    - mla
    - calls:DataCopy,ElewiseCompute,SoftmaxFlashV2Compute,AmlaVecCompute,Cast
    sync:
    - WaitFlag
    - SetFlag
  memory_behavior:
    buffers:
    - LocalTensor
    - mm1ResGm
    - vec1ResGm
    l1_residency:
    - unknown
    l1_partition:
    - unknown
  tiling_and_shape:
    fields:
    - preLoadNum
    shape_assumptions:
    - 'source line evidence: op_kernel/fia_block_vec_nonquant_mla_sink.h:614-654'
  workspace:
    layout:
    - workspace region or GM temporary referenced
    offsets:
    - uint64_t inOutGmOffset = (info.loop % constInfo.preLoadNum) * constInfo.mmResUbSize +
    - DataCopy(mmResUb, mm1ResGm[inOutGmOffset], computeSize);
    - DataCopy(vec1ResGm[inOutGmOffset], tmpMMResCastTensor, computeSize);
  optimization_intent:
  - Stage-specific tiling and buffer reuse reduce GM/L1 traffic.
  - Explicit synchronization exposes producer/consumer lifetime.
  tunable_or_structural_fields:
  - name: preLoadNum
    role: shape, stride, or pipeline structural field
    evidence: op_kernel/fia_block_vec_nonquant_mla_sink.h:614-654
  constraints:
  - Event wait/set ordering is part of correctness, not only performance.
  risks_if_changed:
  - Missing event release can stall producer/consumer queues.
  possible_dsl_sections:
  - memory.l1_residency
  - mla.nupdate
  - mla.shape_contract
  - pipeline.cube_stages
  suggested_dsl_fields:
  - path: memory.l1_residency.source_function
    meaning: Lowering evidence from FiaBlockVecNonQuantMla<FIAT>::DealBmm1ResBaseBlock
    evidence: op_kernel/fia_block_vec_nonquant_mla_sink.h:614-654
    confidence: medium
  - path: mla.nupdate.source_function
    meaning: Lowering evidence from FiaBlockVecNonQuantMla<FIAT>::DealBmm1ResBaseBlock
    evidence: op_kernel/fia_block_vec_nonquant_mla_sink.h:614-654
    confidence: medium
  - path: mla.shape_contract.source_function
    meaning: Lowering evidence from FiaBlockVecNonQuantMla<FIAT>::DealBmm1ResBaseBlock
    evidence: op_kernel/fia_block_vec_nonquant_mla_sink.h:614-654
    confidence: medium
  - path: pipeline.cube_stages.source_function
    meaning: Lowering evidence from FiaBlockVecNonQuantMla<FIAT>::DealBmm1ResBaseBlock
    evidence: op_kernel/fia_block_vec_nonquant_mla_sink.h:614-654
    confidence: medium
  lowering_hints:
  - Preserve owner/template identity when lowering same-named stage functions.
  - Treat synchronization and workspace offsets as part of the stage contract.
  open_questions:
  - No additional source-local question identified.
